
Microsoft Visual Studio Solution File, Format Version 12.00
# Visual Studio 2013
VisualStudioVersion = 12.0.21005.1
MinimumVisualStudioVersion = 10.0.40219.1
Project("{FAE04EC0-301F-11D3-BF4B-00C04F79EFBC}") = "NaughtyStep", "NaughtyStep\NaughtyStep.csproj", "{EAF483EE-6BB8-494A-8ABF-05CC4E981962}"
EndProject
Project("{FAE04EC0-301F-11D3-BF4B-00C04F79EFBC}") = "NaughtyStepTests", "NaughtyStepBddTests\NaughtyStepTests.csproj", "{B50284AE-8A98-415F-B4C4-BB99FD9897B7}"
EndProject
Project("{FAE04EC0-301F-11D3-BF4B-00C04F79EFBC}") = "NaughtyStepSingletonTests", "NaughtyStepSingletonTests\NaughtyStepSingletonTests.csproj", "{7B72DFA7-F218-48F3-ABDD-2019DF6C8E50}"
EndProject
Project("{FAE04EC0-301F-11D3-BF4B-00C04F79EFBC}") = "zcleanuptest", "cleanuptest\zcleanuptest.csproj", "{55736652-E843-4E6B-872A-BACF697063D7}"
EndProject
Global
	GlobalSection(SolutionConfigurationPlatforms) = preSolution
		Debug|Any CPU = Debug|Any CPU
		Release|Any CPU = Release|Any CPU
	EndGlobalSection
	GlobalSection(ProjectConfigurationPlatforms) = postSolution
		{EAF483EE-6BB8-494A-8ABF-05CC4E981962}.Debug|Any CPU.ActiveCfg = Debug|Any CPU
		{EAF483EE-6BB8-494A-8ABF-05CC4E981962}.Debug|Any CPU.Build.0 = Debug|Any CPU
		{EAF483EE-6BB8-494A-8ABF-05CC4E981962}.Release|Any CPU.ActiveCfg = Release|Any CPU
		{EAF483EE-6BB8-494A-8ABF-05CC4E981962}.Release|Any CPU.Build.0 = Release|Any CPU
		{B50284AE-8A98-415F-B4C4-BB99FD9897B7}.Debug|Any CPU.ActiveCfg = Debug|Any CPU
		{B50284AE-8A98-415F-B4C4-BB99FD9897B7}.Debug|Any CPU.Build.0 = Debug|Any CPU
		{B50284AE-8A98-415F-B4C4-BB99FD9897B7}.Release|Any CPU.ActiveCfg = Release|Any CPU
		{B50284AE-8A98-415F-B4C4-BB99FD9897B7}.Release|Any CPU.Build.0 = Release|Any CPU
		{7B72DFA7-F218-48F3-ABDD-2019DF6C8E50}.Debug|Any CPU.ActiveCfg = Debug|Any CPU
		{7B72DFA7-F218-48F3-ABDD-2019DF6C8E50}.Debug|Any CPU.Build.0 = Debug|Any CPU
		{7B72DFA7-F218-48F3-ABDD-2019DF6C8E50}.Release|Any CPU.ActiveCfg = Release|Any CPU
		{7B72DFA7-F218-48F3-ABDD-2019DF6C8E50}.Release|Any CPU.Build.0 = Release|Any CPU
		{55736652-E843-4E6B-872A-BACF697063D7}.Debug|Any CPU.ActiveCfg = Debug|Any CPU
		{55736652-E843-4E6B-872A-BACF697063D7}.Debug|Any CPU.Build.0 = Debug|Any CPU
		{55736652-E843-4E6B-872A-BACF697063D7}.Release|Any CPU.ActiveCfg = Release|Any CPU
		{55736652-E843-4E6B-872A-BACF697063D7}.Release|Any CPU.Build.0 = Release|Any CPU
	EndGlobalSection
	GlobalSection(SolutionProperties) = preSolution
		HideSolutionNode = FALSE
	EndGlobalSection
EndGlobal
